
Microsoft Visual Studio Solution File, Format Version 12.00
# Visual Studio Version 17
VisualStudioVersion = 17.0.31903.59
MinimumVisualStudioVersion = 10.0.40219.1
Project("{FAE04EC0-301F-11D3-BF4B-00C04F79EFBC}") = "Mjos.HrManager.Application", "Mjos.HrManager.Application\Mjos.HrManager.Application.csproj", "{02648162-51EF-4375-A953-30B241E37CD7}"
EndProject
Project("{FAE04EC0-301F-11D3-BF4B-00C04F79EFBC}") = "Mjos.HrManager.Infrastructure", "Mjos.HrManager.Infrastructure\Mjos.HrManager.Infrastructure.csproj", "{942331AD-28EC-4ACC-A908-B4503258B5AD}"
EndProject
Project("{FAE04EC0-301F-11D3-BF4B-00C04F79EFBC}") = "Mjos.HrManager.Core", "Mjos.HrManager.Core\Mjos.HrManager.Core.csproj", "{E6C02252-7213-4429-9A13-F9011BEE3239}"
EndProject
Global
	GlobalSection(SolutionConfigurationPlatforms) = preSolution
		Debug|Any CPU = Debug|Any CPU
		Release|Any CPU = Release|Any CPU
	EndGlobalSection
	GlobalSection(SolutionProperties) = preSolution
		HideSolutionNode = FALSE
	EndGlobalSection
	GlobalSection(ProjectConfigurationPlatforms) = postSolution
		{02648162-51EF-4375-A953-30B241E37CD7}.Debug|Any CPU.ActiveCfg = Debug|Any CPU
		{02648162-51EF-4375-A953-30B241E37CD7}.Debug|Any CPU.Build.0 = Debug|Any CPU
		{02648162-51EF-4375-A953-30B241E37CD7}.Release|Any CPU.ActiveCfg = Release|Any CPU
		{02648162-51EF-4375-A953-30B241E37CD7}.Release|Any CPU.Build.0 = Release|Any CPU
		{942331AD-28EC-4ACC-A908-B4503258B5AD}.Debug|Any CPU.ActiveCfg = Debug|Any CPU
		{942331AD-28EC-4ACC-A908-B4503258B5AD}.Debug|Any CPU.Build.0 = Debug|Any CPU
		{942331AD-28EC-4ACC-A908-B4503258B5AD}.Release|Any CPU.ActiveCfg = Release|Any CPU
		{942331AD-28EC-4ACC-A908-B4503258B5AD}.Release|Any CPU.Build.0 = Release|Any CPU
		{E6C02252-7213-4429-9A13-F9011BEE3239}.Debug|Any CPU.ActiveCfg = Debug|Any CPU
		{E6C02252-7213-4429-9A13-F9011BEE3239}.Debug|Any CPU.Build.0 = Debug|Any CPU
		{E6C02252-7213-4429-9A13-F9011BEE3239}.Release|Any CPU.ActiveCfg = Release|Any CPU
		{E6C02252-7213-4429-9A13-F9011BEE3239}.Release|Any CPU.Build.0 = Release|Any CPU
	EndGlobalSection
EndGlobal
